
Microsoft Visual Studio Solution File, Format Version 12.00
# Visual Studio Version 16
VisualStudioVersion = 16.0.31129.286
MinimumVisualStudioVersion = 10.0.40219.1
Project("{FAE04EC0-301F-11D3-BF4B-00C04F79EFBC}") = "Repository", "Repository\Repository.csproj", "{B7B99059-28F0-49AE-A8FC-6B0F6A54ABC0}"
EndProject
Global
	GlobalSection(SolutionConfigurationPlatforms) = preSolution
		Debug|Any CPU = Debug|Any CPU
		Release|Any CPU = Release|Any CPU
	EndGlobalSection
	GlobalSection(ProjectConfigurationPlatforms) = postSolution
		{B7B99059-28F0-49AE-A8FC-6B0F6A54ABC0}.Debug|Any CPU.ActiveCfg = Debug|Any CPU
		{B7B99059-28F0-49AE-A8FC-6B0F6A54ABC0}.Debug|Any CPU.Build.0 = Debug|Any CPU
		{B7B99059-28F0-49AE-A8FC-6B0F6A54ABC0}.Release|Any CPU.ActiveCfg = Release|Any CPU
		{B7B99059-28F0-49AE-A8FC-6B0F6A54ABC0}.Release|Any CPU.Build.0 = Release|Any CPU
	EndGlobalSection
	GlobalSection(SolutionProperties) = preSolution
		HideSolutionNode = FALSE
	EndGlobalSection
	GlobalSection(ExtensibilityGlobals) = postSolution
		SolutionGuid = {CF9E9D01-49DE-4065-BAD7-CEF959CE97A0}
	EndGlobalSection
EndGlobal
